// !$*UTF8*$!
{
	archiveVersion = 1;
	classes = {
	};
	objectVersion = 46;
	objects = {

/* Begin PBXBuildFile section */
		7B1798AA1BC4277D002A0BA3 /* AppDelegate.swift in Sources */ = {isa = PBXBuildFile; fileRef = 7B1798A91BC4277D002A0BA3 /* AppDelegate.swift */; };
		7B1798AC1BC4277D002A0BA3 /* ViewController.swift in Sources */ = {isa = PBXBuildFile; fileRef = 7B1798AB1BC4277D002A0BA3 /* ViewController.swift */; };
		7B1798AF1BC4277D002A0BA3 /* Main.storyboard in Resources */ = {isa = PBXBuildFile; fileRef = 7B1798AD1BC4277D002A0BA3 /* Main.storyboard */; };
		7B1798B21BC4277D002A0BA3 /* Weather_App_Example.xcdatamodeld in Sources */ = {isa = PBXBuildFile; fileRef = 7B1798B01BC4277D002A0BA3 /* Weather_App_Example.xcdatamodeld */; };
		7B1798B41BC4277D002A0BA3 /* Assets.xcassets in Resources */ = {isa = PBXBuildFile; fileRef = 7B1798B31BC4277D002A0BA3 /* Assets.xcassets */; };
		7B1798B71BC4277D002A0BA3 /* LaunchScreen.storyboard in Resources */ = {isa = PBXBuildFile; fileRef = 7B1798B51BC4277D002A0BA3 /* LaunchScreen.storyboard */; };
		7B1798C21BC4277D002A0BA3 /* Weather_App_ExampleTests.swift in Sources */ = {isa = PBXBuildFile; fileRef = 7B1798C11BC4277D002A0BA3 /* Weather_App_ExampleTests.swift */; };
		7B1798CD1BC4277D002A0BA3 /* Weather_App_ExampleUITests.swift in Sources */ = {isa = PBXBuildFile; fileRef = 7B1798CC1BC4277D002A0BA3 /* Weather_App_ExampleUITests.swift */; };
/* End PBXBuildFile section */

/* Begin PBXContainerItemProxy section */
		7B1798BE1BC4277D002A0BA3 /* PBXContainerItemProxy */ = {
			isa = PBXContainerItemProxy;
			containerPortal = 7B17989E1BC4277D002A0BA3 /* Project object */;
			proxyType = 1;
			remoteGlobalIDString = 7B1798A51BC4277D002A0BA3;
			remoteInfo = "Weather-App-Example";
		};
		7B1798C91BC4277D002A0BA3 /* PBXContainerItemProxy */ = {
			isa = PBXContainerItemProxy;
			containerPortal = 7B17989E1BC4277D002A0BA3 /* Project object */;
			proxyType = 1;
			remoteGlobalIDString = 7B1798A51BC4277D002A0BA3;
			remoteInfo = "Weather-App-Example";
		};
/* End PBXContainerItemProxy section */

/* Begin PBXFileReference section */
		7B1798A61BC4277D002A0BA3 /* Weather-App-Example.app */ = {isa = PBXFileReference; explicitFileType = wrapper.application; includeInIndex = 0; path = "Weather-App-Example.app"; sourceTree = BUILT_PRODUCTS_DIR; };
		7B1798A91BC4277D002A0BA3 /* AppDelegate.swift */ = {isa = PBXFileReference; lastKnownFileType = sourcecode.swift; path = AppDelegate.swift; sourceTree = "<group>"; };
		7B1798AB1BC4277D002A0BA3 /* ViewController.swift */ = {isa = PBXFileReference; lastKnownFileType = sourcecode.swift; path = ViewController.swift; sourceTree = "<group>"; };
		7B1798AE1BC4277D002A0BA3 /* Base */ = {isa = PBXFileReference; lastKnownFileType = file.storyboard; name = Base; path = Base.lproj/Main.storyboard; sourceTree = "<group>"; };
		7B1798B11BC4277D002A0BA3 /* Weather_App_Example.xcdatamodel */ = {isa = PBXFileReference; lastKnownFileType = wrapper.xcdatamodel; path = Weather_App_Example.xcdatamodel; sourceTree = "<group>"; };
		7B1798B31BC4277D002A0BA3 /* Assets.xcassets */ = {isa = PBXFileReference; lastKnownFileType = folder.assetcatalog; path = Assets.xcassets; sourceTree = "<group>"; };
		7B1798B61BC4277D002A0BA3 /* Base */ = {isa = PBXFileReference; lastKnownFileType = file.storyboard; name = Base; path = Base.lproj/LaunchScreen.storyboard; sourceTree = "<group>"; };
		7B1798B81BC4277D002A0BA3 /* Info.plist */ = {isa = PBXFileReference; lastKnownFileType = text.plist.xml; path = Info.plist; sourceTree = "<group>"; };
		7B1798BD1BC4277D002A0BA3 /* Weather-App-ExampleTests.xctest */ = {isa = PBXFileReference; explicitFileType = wrapper.cfbundle; includeInIndex = 0; path = "Weather-App-ExampleTests.xctest"; sourceTree = BUILT_PRODUCTS_DIR; };
		7B1798C11BC4277D002A0BA3 /* Weather_App_ExampleTests.swift */ = {isa = PBXFileReference; lastKnownFileType = sourcecode.swift; path = Weather_App_ExampleTests.swift; sourceTree = "<group>"; };
		7B1798C31BC4277D002A0BA3 /* Info.plist */ = {isa = PBXFileReference; lastKnownFileType = text.plist.xml; path = Info.plist; sourceTree = "<group>"; };
		7B1798C81BC4277D002A0BA3 /* Weather-App-ExampleUITests.xctest */ = {isa = PBXFileReference; explicitFileType = wrapper.cfbundle; includeInIndex = 0; path = "Weather-App-ExampleUITests.xctest"; sourceTree = BUILT_PRODUCTS_DIR; };
		7B1798CC1BC4277D002A0BA3 /* Weather_App_ExampleUITests.swift */ = {isa = PBXFileReference; lastKnownFileType = sourcecode.swift; path = Weather_App_ExampleUITests.swift; sourceTree = "<group>"; };
		7B1798CE1BC4277D002A0BA3 /* Info.plist */ = {isa = PBXFileReference; lastKnownFileType = text.plist.xml; path = Info.plist; sourceTree = "<group>"; };
/* End PBXFileReference section */

/* Begin PBXFrameworksBuildPhase section */
		7B1798A31BC4277D002A0BA3 /* Frameworks */ = {
			isa = PBXFrameworksBuildPhase;
			buildActionMask = 2147483647;
			files = (
			);
			runOnlyForDeploymentPostprocessing = 0;
		};
		7B1798BA1BC4277D002A0BA3 /* Frameworks */ = {
			isa = PBXFrameworksBuildPhase;
			buildActionMask = 2147483647;
			files = (
			);
			runOnlyForDeploymentPostprocessing = 0;
		};
		7B1798C51BC4277D002A0BA3 /* Frameworks */ = {
			isa = PBXFrameworksBuildPhase;
			buildActionMask = 2147483647;
			files = (
			);
			runOnlyForDeploymentPostprocessing = 0;
		};
/* End PBXFrameworksBuildPhase section */

/* Begin PBXGroup section */
		7B17989D1BC4277D002A0BA3 = {
			isa = PBXGroup;
			children = (
				7B1798A81BC4277D002A0BA3 /* Weather-App-Example */,
				7B1798C01BC4277D002A0BA3 /* Weather-App-ExampleTests */,
				7B1798CB1BC4277D002A0BA3 /* Weather-App-ExampleUITests */,
				7B1798A71BC4277D002A0BA3 /* Products */,
			);
			sourceTree = "<group>";
		};
		7B1798A71BC4277D002A0BA3 /* Products */ = {
			isa = PBXGroup;
			children = (
				7B1798A61BC4277D002A0BA3 /* Weather-App-Example.app */,
				7B1798BD1BC4277D002A0BA3 /* Weather-App-ExampleTests.xctest */,
				7B1798C81BC4277D002A0BA3 /* Weather-App-ExampleUITests.xctest */,
			);
			name = Products;
			sourceTree = "<group>";
		};
		7B1798A81BC4277D002A0BA3 /* Weather-App-Example */ = {
			isa = PBXGroup;
			children = (
				7B1798A91BC4277D002A0BA3 /* AppDelegate.swift */,
				7B1798AB1BC4277D002A0BA3 /* ViewController.swift */,
				7B1798AD1BC4277D002A0BA3 /* Main.storyboard */,
				7B1798B31BC4277D002A0BA3 /* Assets.xcassets */,
				7B1798B51BC4277D002A0BA3 /* LaunchScreen.storyboard */,
				7B1798B81BC4277D002A0BA3 /* Info.plist */,
				7B1798B01BC4277D002A0BA3 /* Weather_App_Example.xcdatamodeld */,
			);
			path = "Weather-App-Example";
			sourceTree = "<group>";
		};
		7B1798C01BC4277D002A0BA3 /* Weather-App-ExampleTests */ = {
			isa = PBXGroup;
			children = (
				7B1798C11BC4277D002A0BA3 /* Weather_App_ExampleTests.swift */,
				7B1798C31BC4277D002A0BA3 /* Info.plist */,
			);
			path = "Weather-App-ExampleTests";
			sourceTree = "<group>";
		};
		7B1798CB1BC4277D002A0BA3 /* Weather-App-ExampleUITests */ = {
			isa = PBXGroup;
			children = (
				7B1798CC1BC4277D002A0BA3 /* Weather_App_ExampleUITests.swift */,
				7B1798CE1BC4277D002A0BA3 /* Info.plist */,
			);
			path = "Weather-App-ExampleUITests";
			sourceTree = "<group>";
		};
/* End PBXGroup section */

/* Begin PBXNativeTarget section */
		7B1798A51BC4277D002A0BA3 /* Weather-App-Example */ = {
			isa = PBXNativeTarget;
			buildConfigurationList = 7B1798D11BC4277D002A0BA3 /* Build configuration list for PBXNativeTarget "Weather-App-Example" */;
			buildPhases = (
				7B1798A21BC4277D002A0BA3 /* Sources */,
				7B1798A31BC4277D002A0BA3 /* Frameworks */,
				7B1798A41BC4277D002A0BA3 /* Resources */,
			);
			buildRules = (
			);
			dependencies = (
			);
			name = "Weather-App-Example";
			productName = "Weather-App-Example";
			productReference = 7B1798A61BC4277D002A0BA3 /* Weather-App-Example.app */;
			productType = "com.apple.product-type.application";
		};
		7B1798BC1BC4277D002A0BA3 /* Weather-App-ExampleTests */ = {
			isa = PBXNativeTarget;
			buildConfigurationList = 7B1798D41BC4277D002A0BA3 /* Build configuration list for PBXNativeTarget "Weather-App-ExampleTests" */;
			buildPhases = (
				7B1798B91BC4277D002A0BA3 /* Sources */,
				7B1798BA1BC4277D002A0BA3 /* Frameworks */,
				7B1798BB1BC4277D002A0BA3 /* Resources */,
			);
			buildRules = (
			);
			dependencies = (
				7B1798BF1BC4277D002A0BA3 /* PBXTargetDependency */,
			);
			name = "Weather-App-ExampleTests";
			productName = "Weather-App-ExampleTests";
			productReference = 7B1798BD1BC4277D002A0BA3 /* Weather-App-ExampleTests.xctest */;
			productType = "com.apple.product-type.bundle.unit-test";
		};
		7B1798C71BC4277D002A0BA3 /* Weather-App-ExampleUITests */ = {
			isa = PBXNativeTarget;
			buildConfigurationList = 7B1798D71BC4277D002A0BA3 /* Build configuration list for PBXNativeTarget "Weather-App-ExampleUITests" */;
			buildPhases = (
				7B1798C41BC4277D002A0BA3 /* Sources */,
				7B1798C51BC4277D002A0BA3 /* Frameworks */,
				7B1798C61BC4277D002A0BA3 /* Resources */,
			);
			buildRules = (
			);
			dependencies = (
				7B1798CA1BC4277D002A0BA3 /* PBXTargetDependency */,
			);
			name = "Weather-App-ExampleUITests";
			productName = "Weather-App-ExampleUITests";
			productReference = 7B1798C81BC4277D002A0BA3 /* Weather-App-ExampleUITests.xctest */;
			productType = "com.apple.product-type.bundle.ui-testing";
		};
/* End PBXNativeTarget section */

/* Begin PBXProject section */
		7B17989E1BC4277D002A0BA3 /* Project object */ = {
			isa = PBXProject;
			attributes = {
				LastUpgradeCheck = 0700;
				ORGANIZATIONNAME = "mitchell hudson";
				TargetAttributes = {
					7B1798A51BC4277D002A0BA3 = {
						CreatedOnToolsVersion = 7.0;
					};
					7B1798BC1BC4277D002A0BA3 = {
						CreatedOnToolsVersion = 7.0;
						TestTargetID = 7B1798A51BC4277D002A0BA3;
					};
					7B1798C71BC4277D002A0BA3 = {
						CreatedOnToolsVersion = 7.0;
						TestTargetID = 7B1798A51BC4277D002A0BA3;
					};
				};
			};
			buildConfigurationList = 7B1798A11BC4277D002A0BA3 /* Build configuration list for PBXProject "Weather-App-Example" */;
			compatibilityVersion = "Xcode 3.2";
			developmentRegion = English;
			hasScannedForEncodings = 0;
			knownRegions = (
				en,
				Base,
			);
			mainGroup = 7B17989D1BC4277D002A0BA3;
			productRefGroup = 7B1798A71BC4277D002A0BA3 /* Products */;
			projectDirPath = "";
			projectRoot = "";
			targets = (
				7B1798A51BC4277D002A0BA3 /* Weather-App-Example */,
				7B1798BC1BC4277D002A0BA3 /* Weather-App-ExampleTests */,
				7B1798C71BC4277D002A0BA3 /* Weather-App-ExampleUITests */,
			);
		};
/* End PBXProject section */

/* Begin PBXResourcesBuildPhase section */
		7B1798A41BC4277D002A0BA3 /* Resources */ = {
			isa = PBXResourcesBuildPhase;
			buildActionMask = 2147483647;
			files = (
				7B1798B71BC4277D002A0BA3 /* LaunchScreen.storyboard in Resources */,
				7B1798B41BC4277D002A0BA3 /* Assets.xcassets in Resources */,
				7B1798AF1BC4277D002A0BA3 /* Main.storyboard in Resources */,
			);
			runOnlyForDeploymentPostprocessing = 0;
		};
		7B1798BB1BC4277D002A0BA3 /* Resources */ = {
			isa = PBXResourcesBuildPhase;
			buildActionMask = 2147483647;
			files = (
			);
			runOnlyForDeploymentPostprocessing = 0;
		};
		7B1798C61BC4277D002A0BA3 /* Resources */ = {
			isa = PBXResourcesBuildPhase;
			buildActionMask = 2147483647;
			files = (
			);
			runOnlyForDeploymentPostprocessing = 0;
		};
/* End PBXResourcesBuildPhase section */

/* Begin PBXSourcesBuildPhase section */
		7B1798A21BC4277D002A0BA3 /* Sources */ = {
			isa = PBXSourcesBuildPhase;
			buildActionMask = 2147483647;
			files = (
				7B1798AC1BC4277D002A0BA3 /* ViewController.swift in Sources */,
				7B1798B21BC4277D002A0BA3 /* Weather_App_Example.xcdatamodeld in Sources */,
				7B1798AA1BC4277D002A0BA3 /* AppDelegate.swift in Sources */,
			);
			runOnlyForDeploymentPostprocessing = 0;
		};
		7B1798B91BC4277D002A0BA3 /* Sources */ = {
			isa = PBXSourcesBuildPhase;
			buildActionMask = 2147483647;
			files = (
				7B1798C21BC4277D002A0BA3 /* Weather_App_ExampleTests.swift in Sources */,
			);
			runOnlyForDeploymentPostprocessing = 0;
		};
		7B1798C41BC4277D002A0BA3 /* Sources */ = {
			isa = PBXSourcesBuildPhase;
			buildActionMask = 2147483647;
			files = (
				7B1798CD1BC4277D002A0BA3 /* Weather_App_ExampleUITests.swift in Sources */,
			);
			runOnlyForDeploymentPostprocessing = 0;
		};
/* End PBXSourcesBuildPhase section */

/* Begin PBXTargetDependency section */
		7B1798BF1BC4277D002A0BA3 /* PBXTargetDependency */ = {
			isa = PBXTargetDependency;
			target = 7B1798A51BC4277D002A0BA3 /* Weather-App-Example */;
			targetProxy = 7B1798BE1BC4277D002A0BA3 /* PBXContainerItemProxy */;
		};
		7B1798CA1BC4277D002A0BA3 /* PBXTargetDependency */ = {
			isa = PBXTargetDependency;
			target = 7B1798A51BC4277D002A0BA3 /* Weather-App-Example */;
			targetProxy = 7B1798C91BC4277D002A0BA3 /* PBXContainerItemProxy */;
		};
/* End PBXTargetDependency section */

/* Begin PBXVariantGroup section */
		7B1798AD1BC4277D002A0BA3 /* Main.storyboard */ = {
			isa = PBXVariantGroup;
			children = (
				7B1798AE1BC4277D002A0BA3 /* Base */,
			);
			name = Main.storyboard;
			sourceTree = "<group>";
		};
		7B1798B51BC4277D002A0BA3 /* LaunchScreen.storyboard */ = {
			isa = PBXVariantGroup;
			children = (
				7B1798B61BC4277D002A0BA3 /* Base */,
			);
			name = LaunchScreen.storyboard;
			sourceTree = "<group>";
		};
/* End PBXVariantGroup section */

/* Begin XCBuildConfiguration section */
		7B1798CF1BC4277D002A0BA3 /* Debug */ = {
			isa = XCBuildConfiguration;
			buildSettings = {
				ALWAYS_SEARCH_USER_PATHS = NO;
				CLANG_CXX_LANGUAGE_STANDARD = "gnu++0x";
				CLANG_CXX_LIBRARY = "libc++";
				CLANG_ENABLE_MODULES = YES;
				CLANG_ENABLE_OBJC_ARC = YES;
				CLANG_WARN_BOOL_CONVERSION = YES;
				CLANG_WARN_CONSTANT_CONVERSION = YES;
				CLANG_WARN_DIRECT_OBJC_ISA_USAGE = YES_ERROR;
				CLANG_WARN_EMPTY_BODY = YES;
				CLANG_WARN_ENUM_CONVERSION = YES;
				CLANG_WARN_INT_CONVERSION = YES;
				CLANG_WARN_OBJC_ROOT_CLASS = YES_ERROR;
				CLANG_WARN_UNREACHABLE_CODE = YES;
				CLANG_WARN__DUPLICATE_METHOD_MATCH = YES;
				"CODE_SIGN_IDENTITY[sdk=iphoneos*]" = "iPhone Developer";
				COPY_PHASE_STRIP = NO;
				DEBUG_INFORMATION_FORMAT = dwarf;
				ENABLE_STRICT_OBJC_MSGSEND = YES;
				ENABLE_TESTABILITY = YES;
				GCC_C_LANGUAGE_STANDARD = gnu99;
				GCC_DYNAMIC_NO_PIC = NO;
				GCC_NO_COMMON_BLOCKS = YES;
				GCC_OPTIMIZATION_LEVEL = 0;
				GCC_PREPROCESSOR_DEFINITIONS = (
					"DEBUG=1",
					"$(inherited)",
				);
				GCC_WARN_64_TO_32_BIT_CONVERSION = YES;
				GCC_WARN_ABOUT_RETURN_TYPE = YES_ERROR;
				GCC_WARN_UNDECLARED_SELECTOR = YES;
				GCC_WARN_UNINITIALIZED_AUTOS = YES_AGGRESSIVE;
				GCC_WARN_UNUSED_FUNCTION = YES;
				GCC_WARN_UNUSED_VARIABLE = YES;
				IPHONEOS_DEPLOYMENT_TARGET = 9.0;
				MTL_ENABLE_DEBUG_INFO = YES;
				ONLY_ACTIVE_ARCH = YES;
				SDKROOT = iphoneos;
				SWIFT_OPTIMIZATION_LEVEL = "-Onone";
			};
			name = Debug;
		};
		7B1798D01BC4277D002A0BA3 /* Release */ = {
			isa = XCBuildConfiguration;
			buildSettings = {
				ALWAYS_SEARCH_USER_PATHS = NO;
				CLANG_CXX_LANGUAGE_STANDARD = "gnu++0x";
				CLANG_CXX_LIBRARY = "libc++";
				CLANG_ENABLE_MODULES = YES;
				CLANG_ENABLE_OBJC_ARC = YES;
				CLANG_WARN_BOOL_CONVERSION = YES;
				CLANG_WARN_CONSTANT_CONVERSION = YES;
				CLANG_WARN_DIRECT_OBJC_ISA_USAGE = YES_ERROR;
				CLANG_WARN_EMPTY_BODY = YES;
				CLANG_WARN_ENUM_CONVERSION = YES;
				CLANG_WARN_INT_CONVERSION = YES;
				CLANG_WARN_OBJC_ROOT_CLASS = YES_ERROR;
				CLANG_WARN_UNREACHABLE_CODE = YES;
				CLANG_WARN__DUPLICATE_METHOD_MATCH = YES;
				"CODE_SIGN_IDENTITY[sdk=iphoneos*]" = "iPhone Developer";
				COPY_PHASE_STRIP = NO;
				DEBUG_INFORMATION_FORMAT = "dwarf-with-dsym";
				ENABLE_NS_ASSERTIONS = NO;
				ENABLE_STRICT_OBJC_MSGSEND = YES;
				GCC_C_LANGUAGE_STANDARD = gnu99;
				GCC_NO_COMMON_BLOCKS = YES;
				GCC_WARN_64_TO_32_BIT_CONVERSION = YES;
				GCC_WARN_ABOUT_RETURN_TYPE = YES_ERROR;
				GCC_WARN_UNDECLARED_SELECTOR = YES;
				GCC_WARN_UNINITIALIZED_AUTOS = YES_AGGRESSIVE;
				GCC_WARN_UNUSED_FUNCTION = YES;
				GCC_WARN_UNUSED_VARIABLE = YES;
				IPHONEOS_DEPLOYMENT_TARGET = 9.0;
				MTL_ENABLE_DEBUG_INFO = NO;
				SDKROOT = iphoneos;
				VALIDATE_PRODUCT = YES;
			};
			name = Release;
		};
		7B1798D21BC4277D002A0BA3 /* Debug */ = {
			isa = XCBuildConfiguration;
			buildSettings = {
				ASSETCATALOG_COMPILER_APPICON_NAME = AppIcon;
				INFOPLIST_FILE = "Weather-App-Example/Info.plist";
				LD_RUNPATH_SEARCH_PATHS = "$(inherited) @executable_path/Frameworks";
				PRODUCT_BUNDLE_IDENTIFIER = "com.webdevils.Weather-App-Example";
				PRODUCT_NAME = "$(TARGET_NAME)";
			};
			name = Debug;
		};
		7B1798D31BC4277D002A0BA3 /* Release */ = {
			isa = XCBuildConfiguration;
			buildSettings = {
				ASSETCATALOG_COMPILER_APPICON_NAME = AppIcon;
				INFOPLIST_FILE = "Weather-App-Example/Info.plist";
				LD_RUNPATH_SEARCH_PATHS = "$(inherited) @executable_path/Frameworks";
				PRODUCT_BUNDLE_IDENTIFIER = "com.webdevils.Weather-App-Example";
				PRODUCT_NAME = "$(TARGET_NAME)";
			};
			name = Release;
		};
		7B1798D51BC4277D002A0BA3 /* Debug */ = {
			isa = XCBuildConfiguration;
			buildSettings = {
				BUNDLE_LOADER = "$(TEST_HOST)";
				INFOPLIST_FILE = "Weather-App-ExampleTests/Info.plist";
				LD_RUNPATH_SEARCH_PATHS = "$(inherited) @executable_path/Frameworks @loader_path/Frameworks";
				PRODUCT_BUNDLE_IDENTIFIER = "com.webdevils.Weather-App-ExampleTests";
				PRODUCT_NAME = "$(TARGET_NAME)";
				TEST_HOST = "$(BUILT_PRODUCTS_DIR)/Weather-App-Example.app/Weather-App-Example";
			};
			name = Debug;
		};
		7B1798D61BC4277D002A0BA3 /* Release */ = {
			isa = XCBuildConfiguration;
			buildSettings = {
				BUNDLE_LOADER = "$(TEST_HOST)";
				INFOPLIST_FILE = "Weather-App-ExampleTests/Info.plist";
				LD_RUNPATH_SEARCH_PATHS = "$(inherited) @executable_path/Frameworks @loader_path/Frameworks";
				PRODUCT_BUNDLE_IDENTIFIER = "com.webdevils.Weather-App-ExampleTests";
				PRODUCT_NAME = "$(TARGET_NAME)";
				TEST_HOST = "$(BUILT_PRODUCTS_DIR)/Weather-App-Example.app/Weather-App-Example";
			};
			name = Release;
		};
		7B1798D81BC4277D002A0BA3 /* Debug */ = {
			isa = XCBuildConfiguration;
			buildSettings = {
				INFOPLIST_FILE = "Weather-App-ExampleUITests/Info.plist";
				LD_RUNPATH_SEARCH_PATHS = "$(inherited) @executable_path/Frameworks @loader_path/Frameworks";
				PRODUCT_BUNDLE_IDENTIFIER = "com.webdevils.Weather-App-ExampleUITests";
				PRODUCT_NAME = "$(TARGET_NAME)";
				TEST_TARGET_NAME = "Weather-App-Example";
				USES_XCTRUNNER = YES;
			};
			name = Debug;
		};
		7B1798D91BC4277D002A0BA3 /* Release */ = {
			isa = XCBuildConfiguration;
			buildSettings = {
				INFOPLIST_FILE = "Weather-App-ExampleUITests/Info.plist";
				LD_RUNPATH_SEARCH_PATHS = "$(inherited) @executable_path/Frameworks @loader_path/Frameworks";
				PRODUCT_BUNDLE_IDENTIFIER = "com.webdevils.Weather-App-ExampleUITests";
				PRODUCT_NAME = "$(TARGET_NAME)";
				TEST_TARGET_NAME = "Weather-App-Example";
				USES_XCTRUNNER = YES;
			};
			name = Release;
		};
/* End XCBuildConfiguration section */

/* Begin XCConfigurationList section */
		7B1798A11BC4277D002A0BA3 /* Build configuration list for PBXProject "Weather-App-Example" */ = {
			isa = XCConfigurationList;
			buildConfigurations = (
				7B1798CF1BC4277D002A0BA3 /* Debug */,
				7B1798D01BC4277D002A0BA3 /* Release */,
			);
			defaultConfigurationIsVisible = 0;
			defaultConfigurationName = Release;
		};
		7B1798D11BC4277D002A0BA3 /* Build configuration list for PBXNativeTarget "Weather-App-Example" */ = {
			isa = XCConfigurationList;
			buildConfigurations = (
				7B1798D21BC4277D002A0BA3 /* Debug */,
				7B1798D31BC4277D002A0BA3 /* Release */,
			);
			defaultConfigurationIsVisible = 0;
		};
		7B1798D41BC4277D002A0BA3 /* Build configuration list for PBXNativeTarget "Weather-App-ExampleTests" */ = {
			isa = XCConfigurationList;
			buildConfigurations = (
				7B1798D51BC4277D002A0BA3 /* Debug */,
				7B1798D61BC4277D002A0BA3 /* Release */,
			);
			defaultConfigurationIsVisible = 0;
		};
		7B1798D71BC4277D002A0BA3 /* Build configuration list for PBXNativeTarget "Weather-App-ExampleUITests" */ = {
			isa = XCConfigurationList;
			buildConfigurations = (
				7B1798D81BC4277D002A0BA3 /* Debug */,
				7B1798D91BC4277D002A0BA3 /* Release */,
			);
			defaultConfigurationIsVisible = 0;
		};
/* End XCConfigurationList section */

/* Begin XCVersionGroup section */
		7B1798B01BC4277D002A0BA3 /* Weather_App_Example.xcdatamodeld */ = {
			isa = XCVersionGroup;
			children = (
				7B1798B11BC4277D002A0BA3 /* Weather_App_Example.xcdatamodel */,
			);
			currentVersion = 7B1798B11BC4277D002A0BA3 /* Weather_App_Example.xcdatamodel */;
			path = Weather_App_Example.xcdatamodeld;
			sourceTree = "<group>";
			versionGroupType = wrapper.xcdatamodel;
		};
/* End XCVersionGroup section */
	};
	rootObject = 7B17989E1BC4277D002A0BA3 /* Project object */;
}
